
Microsoft Visual Studio Solution File, Format Version 12.00
# Visual Studio 15
VisualStudioVersion = 15.0.34112.143
MinimumVisualStudioVersion = 10.0.40219.1
Project("{FAE04EC0-301F-11D3-BF4B-00C04F79EFBC}") = "ChoolSsmsAssist", "ChoolSsmsAssist\ChoolSsmsAssist.csproj", "{437F1DBD-E6EA-46E1-9698-E6461B6493F5}"
EndProject
Global
	GlobalSection(SolutionConfigurationPlatforms) = preSolution
		Debug|Any CPU = Debug|Any CPU
		Release|Any CPU = Release|Any CPU
	EndGlobalSection
	GlobalSection(ProjectConfigurationPlatforms) = postSolution
		{437F1DBD-E6EA-46E1-9698-E6461B6493F5}.Debug|Any CPU.ActiveCfg = Debug|Any CPU
		{437F1DBD-E6EA-46E1-9698-E6461B6493F5}.Debug|Any CPU.Build.0 = Debug|Any CPU
		{437F1DBD-E6EA-46E1-9698-E6461B6493F5}.Release|Any CPU.ActiveCfg = Release|Any CPU
		{437F1DBD-E6EA-46E1-9698-E6461B6493F5}.Release|Any CPU.Build.0 = Release|Any CPU
	EndGlobalSection
	GlobalSection(SolutionProperties) = preSolution
		HideSolutionNode = FALSE
	EndGlobalSection
	GlobalSection(ExtensibilityGlobals) = postSolution
		SolutionGuid = {EA053EE9-7DC2-4A97-90A7-5EEE6DAA0BAC}
	EndGlobalSection
EndGlobal
